// !$*UTF8*$!
{
	archiveVersion = 1;
	classes = {
	};
	objectVersion = 50;
	objects = {

/* Begin PBXBuildFile section */
		E0250A23249D72A000F295E3 /* RunnerView.swift in Sources */ = {isa = PBXBuildFile; fileRef = E0250A22249D72A000F295E3 /* RunnerView.swift */; };
		E02BE0B224549A2F00FC0489 /* GroupsModel.swift in Sources */ = {isa = PBXBuildFile; fileRef = E02BE0B124549A2F00FC0489 /* GroupsModel.swift */; };
		E02BE0B42455787900FC0489 /* GitlabAPIWrapper.swift in Sources */ = {isa = PBXBuildFile; fileRef = E02BE0B32455787900FC0489 /* GitlabAPIWrapper.swift */; };
		E02BE0B624557AC200FC0489 /* GroupsView.swift in Sources */ = {isa = PBXBuildFile; fileRef = E02BE0B524557AC200FC0489 /* GroupsView.swift */; };
		E02BE0B924557B2500FC0489 /* ProjectsListView.swift in Sources */ = {isa = PBXBuildFile; fileRef = E02BE0B824557B2500FC0489 /* ProjectsListView.swift */; };
		E02BE0BB24557B4000FC0489 /* ProjectModel.swift in Sources */ = {isa = PBXBuildFile; fileRef = E02BE0BA24557B4000FC0489 /* ProjectModel.swift */; };
		E02BE0BE24557C0000FC0489 /* MergeRequestModel.swift in Sources */ = {isa = PBXBuildFile; fileRef = E02BE0BD24557C0000FC0489 /* MergeRequestModel.swift */; };
		E02BE0C024557C1600FC0489 /* ProjectDetailsView.swift in Sources */ = {isa = PBXBuildFile; fileRef = E02BE0BF24557C1600FC0489 /* ProjectDetailsView.swift */; };
		E02BE0C324557C6200FC0489 /* GitlabConfigModel.swift in Sources */ = {isa = PBXBuildFile; fileRef = E02BE0C224557C6200FC0489 /* GitlabConfigModel.swift */; };
		E02BE0C524557C8600FC0489 /* AppSettings.swift in Sources */ = {isa = PBXBuildFile; fileRef = E02BE0C424557C8600FC0489 /* AppSettings.swift */; };
		E09675782438DCD7001E6BB5 /* Extensions.swift in Sources */ = {isa = PBXBuildFile; fileRef = E09675772438DCD7001E6BB5 /* Extensions.swift */; };
		E096757A2438EE13001E6BB5 /* WrappedViews.swift in Sources */ = {isa = PBXBuildFile; fileRef = E09675792438EE13001E6BB5 /* WrappedViews.swift */; };
		E09A3EC92437BFF4009D23C4 /* AppDelegate.swift in Sources */ = {isa = PBXBuildFile; fileRef = E09A3EC82437BFF4009D23C4 /* AppDelegate.swift */; };
		E09A3ECB2437BFF4009D23C4 /* SceneDelegate.swift in Sources */ = {isa = PBXBuildFile; fileRef = E09A3ECA2437BFF4009D23C4 /* SceneDelegate.swift */; };
		E09A3ECD2437BFF4009D23C4 /* ContentView.swift in Sources */ = {isa = PBXBuildFile; fileRef = E09A3ECC2437BFF4009D23C4 /* ContentView.swift */; };
		E09A3ECF2437BFF4009D23C4 /* Assets.xcassets in Resources */ = {isa = PBXBuildFile; fileRef = E09A3ECE2437BFF4009D23C4 /* Assets.xcassets */; };
		E09A3ED22437BFF4009D23C4 /* Preview Assets.xcassets in Resources */ = {isa = PBXBuildFile; fileRef = E09A3ED12437BFF4009D23C4 /* Preview Assets.xcassets */; };
		E09A3ED52437BFF4009D23C4 /* LaunchScreen.storyboard in Resources */ = {isa = PBXBuildFile; fileRef = E09A3ED32437BFF4009D23C4 /* LaunchScreen.storyboard */; };
		E09A3EDD2437C04E009D23C4 /* Gitlab_configs.plist in Resources */ = {isa = PBXBuildFile; fileRef = E09A3EDC2437C04E009D23C4 /* Gitlab_configs.plist */; };
		E0FEFE2D253A4CD200B46E9A /* RunnerDetailView.swift in Sources */ = {isa = PBXBuildFile; fileRef = E0FEFE2C253A4CD200B46E9A /* RunnerDetailView.swift */; };
/* End PBXBuildFile section */

/* Begin PBXFileReference section */
		E0250A22249D72A000F295E3 /* RunnerView.swift */ = {isa = PBXFileReference; lastKnownFileType = sourcecode.swift; path = RunnerView.swift; sourceTree = "<group>"; };
		E02BE0B124549A2F00FC0489 /* GroupsModel.swift */ = {isa = PBXFileReference; lastKnownFileType = sourcecode.swift; path = GroupsModel.swift; sourceTree = "<group>"; };
		E02BE0B32455787900FC0489 /* GitlabAPIWrapper.swift */ = {isa = PBXFileReference; lastKnownFileType = sourcecode.swift; path = GitlabAPIWrapper.swift; sourceTree = "<group>"; };
		E02BE0B524557AC200FC0489 /* GroupsView.swift */ = {isa = PBXFileReference; lastKnownFileType = sourcecode.swift; path = GroupsView.swift; sourceTree = "<group>"; };
		E02BE0B824557B2500FC0489 /* ProjectsListView.swift */ = {isa = PBXFileReference; lastKnownFileType = sourcecode.swift; path = ProjectsListView.swift; sourceTree = "<group>"; };
		E02BE0BA24557B4000FC0489 /* ProjectModel.swift */ = {isa = PBXFileReference; lastKnownFileType = sourcecode.swift; path = ProjectModel.swift; sourceTree = "<group>"; };
		E02BE0BD24557C0000FC0489 /* MergeRequestModel.swift */ = {isa = PBXFileReference; lastKnownFileType = sourcecode.swift; path = MergeRequestModel.swift; sourceTree = "<group>"; };
		E02BE0BF24557C1600FC0489 /* ProjectDetailsView.swift */ = {isa = PBXFileReference; lastKnownFileType = sourcecode.swift; path = ProjectDetailsView.swift; sourceTree = "<group>"; };
		E02BE0C224557C6200FC0489 /* GitlabConfigModel.swift */ = {isa = PBXFileReference; lastKnownFileType = sourcecode.swift; path = GitlabConfigModel.swift; sourceTree = "<group>"; };
		E02BE0C424557C8600FC0489 /* AppSettings.swift */ = {isa = PBXFileReference; lastKnownFileType = sourcecode.swift; path = AppSettings.swift; sourceTree = "<group>"; };
		E0632CC924993C1200F98939 /* Gitlab Viewer.entitlements */ = {isa = PBXFileReference; lastKnownFileType = text.plist.entitlements; path = "Gitlab Viewer.entitlements"; sourceTree = "<group>"; };
		E09675772438DCD7001E6BB5 /* Extensions.swift */ = {isa = PBXFileReference; lastKnownFileType = sourcecode.swift; path = Extensions.swift; sourceTree = "<group>"; };
		E09675792438EE13001E6BB5 /* WrappedViews.swift */ = {isa = PBXFileReference; lastKnownFileType = sourcecode.swift; path = WrappedViews.swift; sourceTree = "<group>"; };
		E09A3EC52437BFF4009D23C4 /* Gitlab Viewer.app */ = {isa = PBXFileReference; explicitFileType = wrapper.application; includeInIndex = 0; path = "Gitlab Viewer.app"; sourceTree = BUILT_PRODUCTS_DIR; };
		E09A3EC82437BFF4009D23C4 /* AppDelegate.swift */ = {isa = PBXFileReference; lastKnownFileType = sourcecode.swift; path = AppDelegate.swift; sourceTree = "<group>"; };
		E09A3ECA2437BFF4009D23C4 /* SceneDelegate.swift */ = {isa = PBXFileReference; lastKnownFileType = sourcecode.swift; path = SceneDelegate.swift; sourceTree = "<group>"; };
		E09A3ECC2437BFF4009D23C4 /* ContentView.swift */ = {isa = PBXFileReference; lastKnownFileType = sourcecode.swift; path = ContentView.swift; sourceTree = "<group>"; };
		E09A3ECE2437BFF4009D23C4 /* Assets.xcassets */ = {isa = PBXFileReference; lastKnownFileType = folder.assetcatalog; path = Assets.xcassets; sourceTree = "<group>"; };
		E09A3ED12437BFF4009D23C4 /* Preview Assets.xcassets */ = {isa = PBXFileReference; lastKnownFileType = folder.assetcatalog; path = "Preview Assets.xcassets"; sourceTree = "<group>"; };
		E09A3ED42437BFF4009D23C4 /* Base */ = {isa = PBXFileReference; lastKnownFileType = file.storyboard; name = Base; path = Base.lproj/LaunchScreen.storyboard; sourceTree = "<group>"; };
		E09A3ED62437BFF4009D23C4 /* Info.plist */ = {isa = PBXFileReference; lastKnownFileType = text.plist.xml; path = Info.plist; sourceTree = "<group>"; };
		E09A3EDC2437C04E009D23C4 /* Gitlab_configs.plist */ = {isa = PBXFileReference; lastKnownFileType = text.plist.xml; path = Gitlab_configs.plist; sourceTree = "<group>"; };
		E0FEFE2C253A4CD200B46E9A /* RunnerDetailView.swift */ = {isa = PBXFileReference; lastKnownFileType = sourcecode.swift; path = RunnerDetailView.swift; sourceTree = "<group>"; };
/* End PBXFileReference section */

/* Begin PBXFrameworksBuildPhase section */
		E09A3EC22437BFF4009D23C4 /* Frameworks */ = {
			isa = PBXFrameworksBuildPhase;
			buildActionMask = 2147483647;
			files = (
			);
			runOnlyForDeploymentPostprocessing = 0;
		};
/* End PBXFrameworksBuildPhase section */

/* Begin PBXGroup section */
		E0250A21249D729500F295E3 /* Runners */ = {
			isa = PBXGroup;
			children = (
				E0250A22249D72A000F295E3 /* RunnerView.swift */,
				E0FEFE2C253A4CD200B46E9A /* RunnerDetailView.swift */,
			);
			path = Runners;
			sourceTree = "<group>";
		};
		E02BE0B724557ADB00FC0489 /* Groups */ = {
			isa = PBXGroup;
			children = (
				E02BE0B124549A2F00FC0489 /* GroupsModel.swift */,
				E02BE0B524557AC200FC0489 /* GroupsView.swift */,
			);
			path = Groups;
			sourceTree = "<group>";
		};
		E02BE0BC24557B4700FC0489 /* Projects */ = {
			isa = PBXGroup;
			children = (
				E02BE0B824557B2500FC0489 /* ProjectsListView.swift */,
				E02BE0BA24557B4000FC0489 /* ProjectModel.swift */,
			);
			path = Projects;
			sourceTree = "<group>";
		};
		E02BE0C124557C1E00FC0489 /* Project Details */ = {
			isa = PBXGroup;
			children = (
				E02BE0BD24557C0000FC0489 /* MergeRequestModel.swift */,
				E02BE0BF24557C1600FC0489 /* ProjectDetailsView.swift */,
			);
			path = "Project Details";
			sourceTree = "<group>";
		};
		E09A3EBC2437BFF4009D23C4 = {
			isa = PBXGroup;
			children = (
				E09A3EC72437BFF4009D23C4 /* Gitlab Viewer */,
				E09A3EC62437BFF4009D23C4 /* Products */,
			);
			sourceTree = "<group>";
		};
		E09A3EC62437BFF4009D23C4 /* Products */ = {
			isa = PBXGroup;
			children = (
				E09A3EC52437BFF4009D23C4 /* Gitlab Viewer.app */,
			);
			name = Products;
			sourceTree = "<group>";
		};
		E09A3EC72437BFF4009D23C4 /* Gitlab Viewer */ = {
			isa = PBXGroup;
			children = (
				E0632CC924993C1200F98939 /* Gitlab Viewer.entitlements */,
				E09A3EC82437BFF4009D23C4 /* AppDelegate.swift */,
				E09A3ECA2437BFF4009D23C4 /* SceneDelegate.swift */,
				E09A3ECC2437BFF4009D23C4 /* ContentView.swift */,
				E02BE0C124557C1E00FC0489 /* Project Details */,
				E02BE0BC24557B4700FC0489 /* Projects */,
				E02BE0B724557ADB00FC0489 /* Groups */,
				E0250A21249D729500F295E3 /* Runners */,
				E02BE0B32455787900FC0489 /* GitlabAPIWrapper.swift */,
				E02BE0C224557C6200FC0489 /* GitlabConfigModel.swift */,
				E02BE0C424557C8600FC0489 /* AppSettings.swift */,
				E09675772438DCD7001E6BB5 /* Extensions.swift */,
				E09A3ECE2437BFF4009D23C4 /* Assets.xcassets */,
				E09A3ED32437BFF4009D23C4 /* LaunchScreen.storyboard */,
				E09A3ED62437BFF4009D23C4 /* Info.plist */,
				E09A3ED02437BFF4009D23C4 /* Preview Content */,
				E09A3EDC2437C04E009D23C4 /* Gitlab_configs.plist */,
				E09675792438EE13001E6BB5 /* WrappedViews.swift */,
			);
			path = "Gitlab Viewer";
			sourceTree = "<group>";
		};
		E09A3ED02437BFF4009D23C4 /* Preview Content */ = {
			isa = PBXGroup;
			children = (
				E09A3ED12437BFF4009D23C4 /* Preview Assets.xcassets */,
			);
			path = "Preview Content";
			sourceTree = "<group>";
		};
/* End PBXGroup section */

/* Begin PBXNativeTarget section */
		E09A3EC42437BFF4009D23C4 /* Gitlab Viewer */ = {
			isa = PBXNativeTarget;
			buildConfigurationList = E09A3ED92437BFF4009D23C4 /* Build configuration list for PBXNativeTarget "Gitlab Viewer" */;
			buildPhases = (
				E09A3EC12437BFF4009D23C4 /* Sources */,
				E09A3EC22437BFF4009D23C4 /* Frameworks */,
				E09A3EC32437BFF4009D23C4 /* Resources */,
				E09A3EDE2437C0DD009D23C4 /* Setup Gitlab config */,
			);
			buildRules = (
			);
			dependencies = (
			);
			name = "Gitlab Viewer";
			productName = "Gitlab Viewer";
			productReference = E09A3EC52437BFF4009D23C4 /* Gitlab Viewer.app */;
			productType = "com.apple.product-type.application";
		};
/* End PBXNativeTarget section */

/* Begin PBXProject section */
		E09A3EBD2437BFF4009D23C4 /* Project object */ = {
			isa = PBXProject;
			attributes = {
				LastSwiftUpdateCheck = 1140;
				LastUpgradeCheck = 1140;
				ORGANIZATIONNAME = Asif;
				TargetAttributes = {
					E09A3EC42437BFF4009D23C4 = {
						CreatedOnToolsVersion = 11.4;
					};
				};
			};
			buildConfigurationList = E09A3EC02437BFF4009D23C4 /* Build configuration list for PBXProject "Gitlab Viewer" */;
			compatibilityVersion = "Xcode 9.3";
			developmentRegion = en;
			hasScannedForEncodings = 0;
			knownRegions = (
				en,
				Base,
			);
			mainGroup = E09A3EBC2437BFF4009D23C4;
			productRefGroup = E09A3EC62437BFF4009D23C4 /* Products */;
			projectDirPath = "";
			projectRoot = "";
			targets = (
				E09A3EC42437BFF4009D23C4 /* Gitlab Viewer */,
			);
		};
/* End PBXProject section */

/* Begin PBXResourcesBuildPhase section */
		E09A3EC32437BFF4009D23C4 /* Resources */ = {
			isa = PBXResourcesBuildPhase;
			buildActionMask = 2147483647;
			files = (
				E09A3ED52437BFF4009D23C4 /* LaunchScreen.storyboard in Resources */,
				E09A3ED22437BFF4009D23C4 /* Preview Assets.xcassets in Resources */,
				E09A3EDD2437C04E009D23C4 /* Gitlab_configs.plist in Resources */,
				E09A3ECF2437BFF4009D23C4 /* Assets.xcassets in Resources */,
			);
			runOnlyForDeploymentPostprocessing = 0;
		};
/* End PBXResourcesBuildPhase section */

/* Begin PBXShellScriptBuildPhase section */
		E09A3EDE2437C0DD009D23C4 /* Setup Gitlab config */ = {
			isa = PBXShellScriptBuildPhase;
			buildActionMask = 2147483647;
			files = (
			);
			inputFileListPaths = (
			);
			inputPaths = (
				"$(TARGET_BUILD_DIR)/$(PRODUCT_NAME)/Gitlab_configs.plist",
			);
			name = "Setup Gitlab config";
			outputFileListPaths = (
			);
			outputPaths = (
			);
			runOnlyForDeploymentPostprocessing = 0;
			shellPath = /bin/sh;
			shellScript = "# Look for a file named .gitlab-configs in the project directory\nconfigs=.gitlab-configs.yml\nconfigs=\"$(sed -e 's/:[^:\\/\\/]/=/g;s/$//g;s/ *=/=/g' .gitlab-configs.yml | tee /tmp/exportable_config.txt)\"\nif [ \"$configs\" ]; then\n  awk '{print $1}' /tmp/exportable_config.txt | while read config\n  do\n    KEY_NAME=\"$(echo $config | awk -F '=' '{ print $1 } ')\"\n    VALUE=\"$(echo $config | awk -F '=' '{ print $2} ')\"\n    plutil -replace $KEY_NAME -string $VALUE \"$TARGET_BUILD_DIR/$UNLOCALIZED_RESOURCES_FOLDER_PATH/Gitlab_configs.plist\"\n  done\nelse\n  echo 'warning: Missing Gitlab configs file'\n  echo \"warning: create a .gitlab-config file\"\nfi\n";
		};
/* End PBXShellScriptBuildPhase section */

/* Begin PBXSourcesBuildPhase section */
		E09A3EC12437BFF4009D23C4 /* Sources */ = {
			isa = PBXSourcesBuildPhase;
			buildActionMask = 2147483647;
			files = (
				E09A3EC92437BFF4009D23C4 /* AppDelegate.swift in Sources */,
				E09A3ECB2437BFF4009D23C4 /* SceneDelegate.swift in Sources */,
				E02BE0C524557C8600FC0489 /* AppSettings.swift in Sources */,
				E09A3ECD2437BFF4009D23C4 /* ContentView.swift in Sources */,
				E02BE0B224549A2F00FC0489 /* GroupsModel.swift in Sources */,
				E09675782438DCD7001E6BB5 /* Extensions.swift in Sources */,
				E02BE0BB24557B4000FC0489 /* ProjectModel.swift in Sources */,
				E02BE0B42455787900FC0489 /* GitlabAPIWrapper.swift in Sources */,
				E02BE0BE24557C0000FC0489 /* MergeRequestModel.swift in Sources */,
				E0FEFE2D253A4CD200B46E9A /* RunnerDetailView.swift in Sources */,
				E02BE0B624557AC200FC0489 /* GroupsView.swift in Sources */,
				E02BE0B924557B2500FC0489 /* ProjectsListView.swift in Sources */,
				E096757A2438EE13001E6BB5 /* WrappedViews.swift in Sources */,
				E02BE0C324557C6200FC0489 /* GitlabConfigModel.swift in Sources */,
				E02BE0C024557C1600FC0489 /* ProjectDetailsView.swift in Sources */,
				E0250A23249D72A000F295E3 /* RunnerView.swift in Sources */,
			);
			runOnlyForDeploymentPostprocessing = 0;
		};
/* End PBXSourcesBuildPhase section */

/* Begin PBXVariantGroup section */
		E09A3ED32437BFF4009D23C4 /* LaunchScreen.storyboard */ = {
			isa = PBXVariantGroup;
			children = (
				E09A3ED42437BFF4009D23C4 /* Base */,
			);
			name = LaunchScreen.storyboard;
			sourceTree = "<group>";
		};
/* End PBXVariantGroup section */

/* Begin XCBuildConfiguration section */
		E09A3ED72437BFF4009D23C4 /* Debug */ = {
			isa = XCBuildConfiguration;
			buildSettings = {
				ALWAYS_SEARCH_USER_PATHS = NO;
				CLANG_ANALYZER_NONNULL = YES;
				CLANG_ANALYZER_NUMBER_OBJECT_CONVERSION = YES_AGGRESSIVE;
				CLANG_CXX_LANGUAGE_STANDARD = "gnu++14";
				CLANG_CXX_LIBRARY = "libc++";
				CLANG_ENABLE_MODULES = YES;
				CLANG_ENABLE_OBJC_ARC = YES;
				CLANG_ENABLE_OBJC_WEAK = YES;
				CLANG_WARN_BLOCK_CAPTURE_AUTORELEASING = YES;
				CLANG_WARN_BOOL_CONVERSION = YES;
				CLANG_WARN_COMMA = YES;
				CLANG_WARN_CONSTANT_CONVERSION = YES;
				CLANG_WARN_DEPRECATED_OBJC_IMPLEMENTATIONS = YES;
				CLANG_WARN_DIRECT_OBJC_ISA_USAGE = YES_ERROR;
				CLANG_WARN_DOCUMENTATION_COMMENTS = YES;
				CLANG_WARN_EMPTY_BODY = YES;
				CLANG_WARN_ENUM_CONVERSION = YES;
				CLANG_WARN_INFINITE_RECURSION = YES;
				CLANG_WARN_INT_CONVERSION = YES;
				CLANG_WARN_NON_LITERAL_NULL_CONVERSION = YES;
				CLANG_WARN_OBJC_IMPLICIT_RETAIN_SELF = YES;
				CLANG_WARN_OBJC_LITERAL_CONVERSION = YES;
				CLANG_WARN_OBJC_ROOT_CLASS = YES_ERROR;
				CLANG_WARN_RANGE_LOOP_ANALYSIS = YES;
				CLANG_WARN_STRICT_PROTOTYPES = YES;
				CLANG_WARN_SUSPICIOUS_MOVE = YES;
				CLANG_WARN_UNGUARDED_AVAILABILITY = YES_AGGRESSIVE;
				CLANG_WARN_UNREACHABLE_CODE = YES;
				CLANG_WARN__DUPLICATE_METHOD_MATCH = YES;
				COPY_PHASE_STRIP = NO;
				DEBUG_INFORMATION_FORMAT = dwarf;
				ENABLE_STRICT_OBJC_MSGSEND = YES;
				ENABLE_TESTABILITY = YES;
				GCC_C_LANGUAGE_STANDARD = gnu11;
				GCC_DYNAMIC_NO_PIC = NO;
				GCC_NO_COMMON_BLOCKS = YES;
				GCC_OPTIMIZATION_LEVEL = 0;
				GCC_PREPROCESSOR_DEFINITIONS = (
					"DEBUG=1",
					"$(inherited)",
				);
				GCC_WARN_64_TO_32_BIT_CONVERSION = YES;
				GCC_WARN_ABOUT_RETURN_TYPE = YES_ERROR;
				GCC_WARN_UNDECLARED_SELECTOR = YES;
				GCC_WARN_UNINITIALIZED_AUTOS = YES_AGGRESSIVE;
				GCC_WARN_UNUSED_FUNCTION = YES;
				GCC_WARN_UNUSED_VARIABLE = YES;
				IPHONEOS_DEPLOYMENT_TARGET = 13.0;
				MTL_ENABLE_DEBUG_INFO = INCLUDE_SOURCE;
				MTL_FAST_MATH = YES;
				ONLY_ACTIVE_ARCH = YES;
				SDKROOT = iphoneos;
				SWIFT_ACTIVE_COMPILATION_CONDITIONS = DEBUG;
				SWIFT_OPTIMIZATION_LEVEL = "-Onone";
			};
			name = Debug;
		};
		E09A3ED82437BFF4009D23C4 /* Release */ = {
			isa = XCBuildConfiguration;
			buildSettings = {
				ALWAYS_SEARCH_USER_PATHS = NO;
				CLANG_ANALYZER_NONNULL = YES;
				CLANG_ANALYZER_NUMBER_OBJECT_CONVERSION = YES_AGGRESSIVE;
				CLANG_CXX_LANGUAGE_STANDARD = "gnu++14";
				CLANG_CXX_LIBRARY = "libc++";
				CLANG_ENABLE_MODULES = YES;
				CLANG_ENABLE_OBJC_ARC = YES;
				CLANG_ENABLE_OBJC_WEAK = YES;
				CLANG_WARN_BLOCK_CAPTURE_AUTORELEASING = YES;
				CLANG_WARN_BOOL_CONVERSION = YES;
				CLANG_WARN_COMMA = YES;
				CLANG_WARN_CONSTANT_CONVERSION = YES;
				CLANG_WARN_DEPRECATED_OBJC_IMPLEMENTATIONS = YES;
				CLANG_WARN_DIRECT_OBJC_ISA_USAGE = YES_ERROR;
				CLANG_WARN_DOCUMENTATION_COMMENTS = YES;
				CLANG_WARN_EMPTY_BODY = YES;
				CLANG_WARN_ENUM_CONVERSION = YES;
				CLANG_WARN_INFINITE_RECURSION = YES;
				CLANG_WARN_INT_CONVERSION = YES;
				CLANG_WARN_NON_LITERAL_NULL_CONVERSION = YES;
				CLANG_WARN_OBJC_IMPLICIT_RETAIN_SELF = YES;
				CLANG_WARN_OBJC_LITERAL_CONVERSION = YES;
				CLANG_WARN_OBJC_ROOT_CLASS = YES_ERROR;
				CLANG_WARN_RANGE_LOOP_ANALYSIS = YES;
				CLANG_WARN_STRICT_PROTOTYPES = YES;
				CLANG_WARN_SUSPICIOUS_MOVE = YES;
				CLANG_WARN_UNGUARDED_AVAILABILITY = YES_AGGRESSIVE;
				CLANG_WARN_UNREACHABLE_CODE = YES;
				CLANG_WARN__DUPLICATE_METHOD_MATCH = YES;
				COPY_PHASE_STRIP = NO;
				DEBUG_INFORMATION_FORMAT = "dwarf-with-dsym";
				ENABLE_NS_ASSERTIONS = NO;
				ENABLE_STRICT_OBJC_MSGSEND = YES;
				GCC_C_LANGUAGE_STANDARD = gnu11;
				GCC_NO_COMMON_BLOCKS = YES;
				GCC_WARN_64_TO_32_BIT_CONVERSION = YES;
				GCC_WARN_ABOUT_RETURN_TYPE = YES_ERROR;
				GCC_WARN_UNDECLARED_SELECTOR = YES;
				GCC_WARN_UNINITIALIZED_AUTOS = YES_AGGRESSIVE;
				GCC_WARN_UNUSED_FUNCTION = YES;
				GCC_WARN_UNUSED_VARIABLE = YES;
				IPHONEOS_DEPLOYMENT_TARGET = 13.0;
				MTL_ENABLE_DEBUG_INFO = NO;
				MTL_FAST_MATH = YES;
				SDKROOT = iphoneos;
				SWIFT_COMPILATION_MODE = wholemodule;
				SWIFT_OPTIMIZATION_LEVEL = "-O";
				VALIDATE_PRODUCT = YES;
			};
			name = Release;
		};
		E09A3EDA2437BFF4009D23C4 /* Debug */ = {
			isa = XCBuildConfiguration;
			buildSettings = {
				ASSETCATALOG_COMPILER_APPICON_NAME = AppIcon;
				CODE_SIGN_ENTITLEMENTS = "Gitlab Viewer/Gitlab Viewer.entitlements";
				"CODE_SIGN_IDENTITY[sdk=macosx*]" = "-";
				CODE_SIGN_STYLE = Manual;
				DEVELOPMENT_ASSET_PATHS = "\"Gitlab Viewer/Preview Content\"";
				ENABLE_PREVIEWS = YES;
				INFOPLIST_FILE = "Gitlab Viewer/Info.plist";
				IPHONEOS_DEPLOYMENT_TARGET = 14.0;
				LD_RUNPATH_SEARCH_PATHS = (
					"$(inherited)",
					"@executable_path/Frameworks",
				);
				PRODUCT_BUNDLE_IDENTIFIER = "com.asif.Gitlab-Viewer";
				PRODUCT_NAME = "$(TARGET_NAME)";
				SUPPORTS_MACCATALYST = YES;
				SWIFT_VERSION = 5.0;
				TARGETED_DEVICE_FAMILY = "1,2";
			};
			name = Debug;
		};
		E09A3EDB2437BFF4009D23C4 /* Release */ = {
			isa = XCBuildConfiguration;
			buildSettings = {
				ASSETCATALOG_COMPILER_APPICON_NAME = AppIcon;
				CODE_SIGN_ENTITLEMENTS = "Gitlab Viewer/Gitlab Viewer.entitlements";
				"CODE_SIGN_IDENTITY[sdk=macosx*]" = "-";
				CODE_SIGN_STYLE = Manual;
				DEVELOPMENT_ASSET_PATHS = "\"Gitlab Viewer/Preview Content\"";
				ENABLE_PREVIEWS = YES;
				INFOPLIST_FILE = "Gitlab Viewer/Info.plist";
				IPHONEOS_DEPLOYMENT_TARGET = 14.0;
				LD_RUNPATH_SEARCH_PATHS = (
					"$(inherited)",
					"@executable_path/Frameworks",
				);
				PRODUCT_BUNDLE_IDENTIFIER = "com.asif.Gitlab-Viewer";
				PRODUCT_NAME = "$(TARGET_NAME)";
				SUPPORTS_MACCATALYST = YES;
				SWIFT_VERSION = 5.0;
				TARGETED_DEVICE_FAMILY = "1,2";
			};
			name = Release;
		};
/* End XCBuildConfiguration section */

/* Begin XCConfigurationList section */
		E09A3EC02437BFF4009D23C4 /* Build configuration list for PBXProject "Gitlab Viewer" */ = {
			isa = XCConfigurationList;
			buildConfigurations = (
				E09A3ED72437BFF4009D23C4 /* Debug */,
				E09A3ED82437BFF4009D23C4 /* Release */,
			);
			defaultConfigurationIsVisible = 0;
			defaultConfigurationName = Release;
		};
		E09A3ED92437BFF4009D23C4 /* Build configuration list for PBXNativeTarget "Gitlab Viewer" */ = {
			isa = XCConfigurationList;
			buildConfigurations = (
				E09A3EDA2437BFF4009D23C4 /* Debug */,
				E09A3EDB2437BFF4009D23C4 /* Release */,
			);
			defaultConfigurationIsVisible = 0;
			defaultConfigurationName = Release;
		};
/* End XCConfigurationList section */
	};
	rootObject = E09A3EBD2437BFF4009D23C4 /* Project object */;
}
